{
  "originHash" : "7536aee57753461f2931b0bec47cf100112a091e6c7dac381a705d4bf687e685",
  "pins" : [
    {
      "identity" : "humanspeech",
      "kind" : "remoteSourceControl",
      "location" : "https://github.com/daniellealpimenta/HumanSpeech.git",
      "state" : {
        "branch" : "main",
        "revision" : "69a24818e38c52afb6fde49380d05738dcc95794"
      }
    }
  ],
  "version" : 3
}
