// !$*UTF8*$!
{
	archiveVersion = 1;
	classes = {
	};
	objectVersion = 77;
	objects = {

/* Begin PBXBuildFile section */
		CDCD3EE32E85DFD10088E4A7 /* HumanSpeech in Frameworks */ = {isa = PBXBuildFile; productRef = CDCD3EE22E85DFD10088E4A7 /* HumanSpeech */; };
/* End PBXBuildFile section */

/* Begin PBXContainerItemProxy section */
		AABB00012E85DFA600000007 /* PBXContainerItemProxy */ = {
			isa = PBXContainerItemProxy;
			containerPortal = CDCD3ECB2E85DFA60088E4A7 /* Project object */;
			proxyType = 1;
			remoteGlobalIDString = CDCD3ED22E85DFA60088E4A7;
			remoteInfo = C08;
		};
		AABB00022E85DFA600000007 /* PBXContainerItemProxy */ = {
			isa = PBXContainerItemProxy;
			containerPortal = CDCD3ECB2E85DFA60088E4A7 /* Project object */;
			proxyType = 1;
			remoteGlobalIDString = CDCD3ED22E85DFA60088E4A7;
			remoteInfo = C08;
		};
/* End PBXContainerItemProxy section */

/* Begin PBXFileReference section */
		AABB00012E85DFA600000001 /* C08Tests.xctest */ = {isa = PBXFileReference; explicitFileType = wrapper.cfbundle; includeInIndex = 0; path = C08Tests.xctest; sourceTree = BUILT_PRODUCTS_DIR; };
		AABB00022E85DFA600000001 /* C08UITests.xctest */ = {isa = PBXFileReference; explicitFileType = wrapper.cfbundle; includeInIndex = 0; path = C08UITests.xctest; sourceTree = BUILT_PRODUCTS_DIR; };
		CDCD3ED32E85DFA60088E4A7 /* C08.app */ = {isa = PBXFileReference; explicitFileType = wrapper.application; includeInIndex = 0; path = C08.app; sourceTree = BUILT_PRODUCTS_DIR; };
/* End PBXFileReference section */

/* Begin PBXFileSystemSynchronizedBuildFileExceptionSet section */
		CD6743EE2E8B7BD4002D1541 /* Exceptions for "C08" folder in "C08" target */ = {
			isa = PBXFileSystemSynchronizedBuildFileExceptionSet;
			membershipExceptions = (
				Info.plist,
			);
			target = CDCD3ED22E85DFA60088E4A7 /* C08 */;
		};
/* End PBXFileSystemSynchronizedBuildFileExceptionSet section */

/* Begin PBXFileSystemSynchronizedRootGroup section */
		AABB00012E85DFA600000002 /* C08Tests */ = {
			isa = PBXFileSystemSynchronizedRootGroup;
			path = C08Tests;
			sourceTree = "<group>";
		};
		AABB00022E85DFA600000002 /* C08UITests */ = {
			isa = PBXFileSystemSynchronizedRootGroup;
			path = C08UITests;
			sourceTree = "<group>";
		};
		CDCD3ED52E85DFA60088E4A7 /* C08 */ = {
			isa = PBXFileSystemSynchronizedRootGroup;
			exceptions = (
				CD6743EE2E8B7BD4002D1541 /* Exceptions for "C08" folder in "C08" target */,
			);
			path = C08;
			sourceTree = "<group>";
		};
/* End PBXFileSystemSynchronizedRootGroup section */

/* Begin PBXFrameworksBuildPhase section */
		AABB00012E85DFA600000005 /* Frameworks */ = {
			isa = PBXFrameworksBuildPhase;
			buildActionMask = 2147483647;
			files = (
			);
			runOnlyForDeploymentPostprocessing = 0;
		};
		AABB00022E85DFA600000005 /* Frameworks */ = {
			isa = PBXFrameworksBuildPhase;
			buildActionMask = 2147483647;
			files = (
			);
			runOnlyForDeploymentPostprocessing = 0;
		};
		CDCD3ED02E85DFA60088E4A7 /* Frameworks */ = {
			isa = PBXFrameworksBuildPhase;
			buildActionMask = 2147483647;
			files = (
				CDCD3EE32E85DFD10088E4A7 /* HumanSpeech in Frameworks */,
			);
			runOnlyForDeploymentPostprocessing = 0;
		};
/* End PBXFrameworksBuildPhase section */

/* Begin PBXGroup section */
		CDCD3ECA2E85DFA60088E4A7 = {
			isa = PBXGroup;
			children = (
				CDCD3ED52E85DFA60088E4A7 /* C08 */,
				AABB00012E85DFA600000002 /* C08Tests */,
				AABB00022E85DFA600000002 /* C08UITests */,
				CDCD3ED42E85DFA60088E4A7 /* Products */,
			);
			sourceTree = "<group>";
		};
		CDCD3ED42E85DFA60088E4A7 /* Products */ = {
			isa = PBXGroup;
			children = (
				CDCD3ED32E85DFA60088E4A7 /* C08.app */,
				AABB00012E85DFA600000001 /* C08Tests.xctest */,
				AABB00022E85DFA600000001 /* C08UITests.xctest */,
			);
			name = Products;
			sourceTree = "<group>";
		};
/* End PBXGroup section */

/* Begin PBXNativeTarget section */
		AABB00012E85DFA600000003 /* C08Tests */ = {
			isa = PBXNativeTarget;
			buildConfigurationList = AABB00012E85DFA60000000B /* Build configuration list for PBXNativeTarget "C08Tests" */;
			buildPhases = (
				AABB00012E85DFA600000004 /* Sources */,
				AABB00012E85DFA600000005 /* Frameworks */,
				AABB00012E85DFA600000006 /* Resources */,
			);
			buildRules = (
			);
			dependencies = (
				AABB00012E85DFA600000008 /* PBXTargetDependency */,
			);
			fileSystemSynchronizedGroups = (
				AABB00012E85DFA600000002 /* C08Tests */,
			);
			name = C08Tests;
			productName = C08Tests;
			productReference = AABB00012E85DFA600000001 /* C08Tests.xctest */;
			productType = "com.apple.product-type.bundle.unit-test";
		};
		AABB00022E85DFA600000003 /* C08UITests */ = {
			isa = PBXNativeTarget;
			buildConfigurationList = AABB00022E85DFA60000000B /* Build configuration list for PBXNativeTarget "C08UITests" */;
			buildPhases = (
				AABB00022E85DFA600000004 /* Sources */,
				AABB00022E85DFA600000005 /* Frameworks */,
				AABB00022E85DFA600000006 /* Resources */,
			);
			buildRules = (
			);
			dependencies = (
				AABB00022E85DFA600000008 /* PBXTargetDependency */,
			);
			fileSystemSynchronizedGroups = (
				AABB00022E85DFA600000002 /* C08UITests */,
			);
			name = C08UITests;
			productName = C08UITests;
			productReference = AABB00022E85DFA600000001 /* C08UITests.xctest */;
			productType = "com.apple.product-type.bundle.ui-testing";
		};
		CDCD3ED22E85DFA60088E4A7 /* C08 */ = {
			isa = PBXNativeTarget;
			buildConfigurationList = CDCD3EDE2E85DFA70088E4A7 /* Build configuration list for PBXNativeTarget "C08" */;
			buildPhases = (
				CDCD3ECF2E85DFA60088E4A7 /* Sources */,
				CDCD3ED02E85DFA60088E4A7 /* Frameworks */,
				CDCD3ED12E85DFA60088E4A7 /* Resources */,
			);
			buildRules = (
			);
			dependencies = (
			);
			fileSystemSynchronizedGroups = (
				CDCD3ED52E85DFA60088E4A7 /* C08 */,
			);
			name = C08;
			packageProductDependencies = (
				CDCD3EE22E85DFD10088E4A7 /* HumanSpeech */,
			);
			productName = C08;
			productReference = CDCD3ED32E85DFA60088E4A7 /* C08.app */;
			productType = "com.apple.product-type.application";
		};
/* End PBXNativeTarget section */

/* Begin PBXProject section */
		CDCD3ECB2E85DFA60088E4A7 /* Project object */ = {
			isa = PBXProject;
			attributes = {
				BuildIndependentTargetsInParallel = 1;
				LastSwiftUpdateCheck = 1640;
				LastUpgradeCheck = 1640;
				TargetAttributes = {
					AABB00012E85DFA600000003 = {
						CreatedOnToolsVersion = 16.4;
						TestTargetID = CDCD3ED22E85DFA60088E4A7;
					};
					AABB00022E85DFA600000003 = {
						CreatedOnToolsVersion = 16.4;
						TestTargetID = CDCD3ED22E85DFA60088E4A7;
					};
					CDCD3ED22E85DFA60088E4A7 = {
						CreatedOnToolsVersion = 16.4;
					};
				};
			};
			buildConfigurationList = CDCD3ECE2E85DFA60088E4A7 /* Build configuration list for PBXProject "C08" */;
			developmentRegion = en;
			hasScannedForEncodings = 0;
			knownRegions = (
				en,
				Base,
			);
			mainGroup = CDCD3ECA2E85DFA60088E4A7;
			minimizedProjectReferenceProxies = 1;
			packageReferences = (
				CDCD3EE12E85DFD10088E4A7 /* XCRemoteSwiftPackageReference "HumanSpeech" */,
			);
			preferredProjectObjectVersion = 77;
			productRefGroup = CDCD3ED42E85DFA60088E4A7 /* Products */;
			projectDirPath = "";
			projectRoot = "";
			targets = (
				CDCD3ED22E85DFA60088E4A7 /* C08 */,
				AABB00012E85DFA600000003 /* C08Tests */,
				AABB00022E85DFA600000003 /* C08UITests */,
			);
		};
/* End PBXProject section */

/* Begin PBXResourcesBuildPhase section */
		AABB00012E85DFA600000006 /* Resources */ = {
			isa = PBXResourcesBuildPhase;
			buildActionMask = 2147483647;
			files = (
			);
			runOnlyForDeploymentPostprocessing = 0;
		};
		AABB00022E85DFA600000006 /* Resources */ = {
			isa = PBXResourcesBuildPhase;
			buildActionMask = 2147483647;
			files = (
			);
			runOnlyForDeploymentPostprocessing = 0;
		};
		CDCD3ED12E85DFA60088E4A7 /* Resources */ = {
			isa = PBXResourcesBuildPhase;
			buildActionMask = 2147483647;
			files = (
			);
			runOnlyForDeploymentPostprocessing = 0;
		};
/* End PBXResourcesBuildPhase section */

/* Begin PBXSourcesBuildPhase section */
		AABB00012E85DFA600000004 /* Sources */ = {
			isa = PBXSourcesBuildPhase;
			buildActionMask = 2147483647;
			files = (
			);
			runOnlyForDeploymentPostprocessing = 0;
		};
		AABB00022E85DFA600000004 /* Sources */ = {
			isa = PBXSourcesBuildPhase;
			buildActionMask = 2147483647;
			files = (
			);
			runOnlyForDeploymentPostprocessing = 0;
		};
		CDCD3ECF2E85DFA60088E4A7 /* Sources */ = {
			isa = PBXSourcesBuildPhase;
			buildActionMask = 2147483647;
			files = (
			);
			runOnlyForDeploymentPostprocessing = 0;
		};
/* End PBXSourcesBuildPhase section */

/* Begin PBXTargetDependency section */
		AABB00012E85DFA600000008 /* PBXTargetDependency */ = {
			isa = PBXTargetDependency;
			target = CDCD3ED22E85DFA60088E4A7 /* C08 */;
			targetProxy = AABB00012E85DFA600000007 /* PBXContainerItemProxy */;
		};
		AABB00022E85DFA600000008 /* PBXTargetDependency */ = {
			isa = PBXTargetDependency;
			target = CDCD3ED22E85DFA60088E4A7 /* C08 */;
			targetProxy = AABB00022E85DFA600000007 /* PBXContainerItemProxy */;
		};
/* End PBXTargetDependency section */

/* Begin XCBuildConfiguration section */
		AABB00012E85DFA600000009 /* Debug */ = {
			isa = XCBuildConfiguration;
			buildSettings = {
				BUNDLE_LOADER = "$(TEST_HOST)";
				CODE_SIGN_STYLE = Automatic;
				CURRENT_PROJECT_VERSION = 1;
				DEVELOPMENT_TEAM = 446CS4MA3A;
				GENERATE_INFOPLIST_FILE = YES;
				IPHONEOS_DEPLOYMENT_TARGET = 18.5;
				MARKETING_VERSION = 1.0;
				PRODUCT_BUNDLE_IDENTIFIER = com.Academy.C08Tests;
				PRODUCT_NAME = "$(TARGET_NAME)";
				SWIFT_EMIT_LOC_STRINGS = NO;
				SWIFT_VERSION = 5.0;
				TARGETED_DEVICE_FAMILY = "1,2";
				TEST_HOST = "$(BUILT_PRODUCTS_DIR)/C08.app/$(BUNDLE_EXECUTABLE_FOLDER_PATH)/C08";
			};
			name = Debug;
		};
		AABB00012E85DFA60000000A /* Release */ = {
			isa = XCBuildConfiguration;
			buildSettings = {
				BUNDLE_LOADER = "$(TEST_HOST)";
				CODE_SIGN_STYLE = Automatic;
				CURRENT_PROJECT_VERSION = 1;
				DEVELOPMENT_TEAM = 446CS4MA3A;
				GENERATE_INFOPLIST_FILE = YES;
				IPHONEOS_DEPLOYMENT_TARGET = 18.5;
				MARKETING_VERSION = 1.0;
				PRODUCT_BUNDLE_IDENTIFIER = com.Academy.C08Tests;
				PRODUCT_NAME = "$(TARGET_NAME)";
				SWIFT_EMIT_LOC_STRINGS = NO;
				SWIFT_VERSION = 5.0;
				TARGETED_DEVICE_FAMILY = "1,2";
				TEST_HOST = "$(BUILT_PRODUCTS_DIR)/C08.app/$(BUNDLE_EXECUTABLE_FOLDER_PATH)/C08";
			};
			name = Release;
		};
		AABB00022E85DFA600000009 /* Debug */ = {
			isa = XCBuildConfiguration;
			buildSettings = {
				CODE_SIGN_STYLE = Automatic;
				CURRENT_PROJECT_VERSION = 1;
				DEVELOPMENT_TEAM = 446CS4MA3A;
				GENERATE_INFOPLIST_FILE = YES;
				IPHONEOS_DEPLOYMENT_TARGET = 18.5;
				MARKETING_VERSION = 1.0;
				PRODUCT_BUNDLE_IDENTIFIER = com.Academy.C08UITests;
				PRODUCT_NAME = "$(TARGET_NAME)";
				SWIFT_EMIT_LOC_STRINGS = NO;
				SWIFT_VERSION = 5.0;
				TARGETED_DEVICE_FAMILY = "1,2";
				TEST_TARGET_NAME = C08;
			};
			name = Debug;
		};
		AABB00022E85DFA60000000A /* Release */ = {
			isa = XCBuildConfiguration;
			buildSettings = {
				CODE_SIGN_STYLE = Automatic;
				CURRENT_PROJECT_VERSION = 1;
				DEVELOPMENT_TEAM = 446CS4MA3A;
				GENERATE_INFOPLIST_FILE = YES;
				IPHONEOS_DEPLOYMENT_TARGET = 18.5;
				MARKETING_VERSION = 1.0;
				PRODUCT_BUNDLE_IDENTIFIER = com.Academy.C08UITests;
				PRODUCT_NAME = "$(TARGET_NAME)";
				SWIFT_EMIT_LOC_STRINGS = NO;
				SWIFT_VERSION = 5.0;
				TARGETED_DEVICE_FAMILY = "1,2";
				TEST_TARGET_NAME = C08;
			};
			name = Release;
		};
		CDCD3EDC2E85DFA70088E4A7 /* Debug */ = {
			isa = XCBuildConfiguration;
			buildSettings = {
				ALWAYS_SEARCH_USER_PATHS = NO;
				ASSETCATALOG_COMPILER_GENERATE_SWIFT_ASSET_SYMBOL_EXTENSIONS = YES;
				CLANG_ANALYZER_NONNULL = YES;
				CLANG_ANALYZER_NUMBER_OBJECT_CONVERSION = YES_AGGRESSIVE;
				CLANG_CXX_LANGUAGE_STANDARD = "gnu++20";
				CLANG_ENABLE_MODULES = YES;
				CLANG_ENABLE_OBJC_ARC = YES;
				CLANG_ENABLE_OBJC_WEAK = YES;
				CLANG_WARN_BLOCK_CAPTURE_AUTORELEASING = YES;
				CLANG_WARN_BOOL_CONVERSION = YES;
				CLANG_WARN_COMMA = YES;
				CLANG_WARN_CONSTANT_CONVERSION = YES;
				CLANG_WARN_DEPRECATED_OBJC_IMPLEMENTATIONS = YES;
				CLANG_WARN_DIRECT_OBJC_ISA_USAGE = YES_ERROR;
				CLANG_WARN_DOCUMENTATION_COMMENTS = YES;
				CLANG_WARN_EMPTY_BODY = YES;
				CLANG_WARN_ENUM_CONVERSION = YES;
				CLANG_WARN_INFINITE_RECURSION = YES;
				CLANG_WARN_INT_CONVERSION = YES;
				CLANG_WARN_NON_LITERAL_NULL_CONVERSION = YES;
				CLANG_WARN_OBJC_IMPLICIT_RETAIN_SELF = YES;
				CLANG_WARN_OBJC_LITERAL_CONVERSION = YES;
				CLANG_WARN_OBJC_ROOT_CLASS = YES_ERROR;
				CLANG_WARN_QUOTED_INCLUDE_IN_FRAMEWORK_HEADER = YES;
				CLANG_WARN_RANGE_LOOP_ANALYSIS = YES;
				CLANG_WARN_STRICT_PROTOTYPES = YES;
				CLANG_WARN_SUSPICIOUS_MOVE = YES;
				CLANG_WARN_UNGUARDED_AVAILABILITY = YES_AGGRESSIVE;
				CLANG_WARN_UNREACHABLE_CODE = YES;
				CLANG_WARN__DUPLICATE_METHOD_MATCH = YES;
				COPY_PHASE_STRIP = NO;
				DEBUG_INFORMATION_FORMAT = dwarf;
				DEVELOPMENT_TEAM = 8YAD22YX6D;
				ENABLE_STRICT_OBJC_MSGSEND = YES;
				ENABLE_TESTABILITY = YES;
				ENABLE_USER_SCRIPT_SANDBOXING = YES;
				GCC_C_LANGUAGE_STANDARD = gnu17;
				GCC_DYNAMIC_NO_PIC = NO;
				GCC_NO_COMMON_BLOCKS = YES;
				GCC_OPTIMIZATION_LEVEL = 0;
				GCC_PREPROCESSOR_DEFINITIONS = (
					"DEBUG=1",
					"$(inherited)",
				);
				GCC_WARN_64_TO_32_BIT_CONVERSION = YES;
				GCC_WARN_ABOUT_RETURN_TYPE = YES_ERROR;
				GCC_WARN_UNDECLARED_SELECTOR = YES;
				GCC_WARN_UNINITIALIZED_AUTOS = YES_AGGRESSIVE;
				GCC_WARN_UNUSED_FUNCTION = YES;
				GCC_WARN_UNUSED_VARIABLE = YES;
				IPHONEOS_DEPLOYMENT_TARGET = 18.5;
				LOCALIZATION_PREFERS_STRING_CATALOGS = YES;
				MTL_ENABLE_DEBUG_INFO = INCLUDE_SOURCE;
				MTL_FAST_MATH = YES;
				ONLY_ACTIVE_ARCH = YES;
				SDKROOT = iphoneos;
				SWIFT_ACTIVE_COMPILATION_CONDITIONS = "DEBUG $(inherited)";
				SWIFT_OPTIMIZATION_LEVEL = "-Onone";
			};
			name = Debug;
		};
		CDCD3EDD2E85DFA70088E4A7 /* Release */ = {
			isa = XCBuildConfiguration;
			buildSettings = {
				ALWAYS_SEARCH_USER_PATHS = NO;
				ASSETCATALOG_COMPILER_GENERATE_SWIFT_ASSET_SYMBOL_EXTENSIONS = YES;
				CLANG_ANALYZER_NONNULL = YES;
				CLANG_ANALYZER_NUMBER_OBJECT_CONVERSION = YES_AGGRESSIVE;
				CLANG_CXX_LANGUAGE_STANDARD = "gnu++20";
				CLANG_ENABLE_MODULES = YES;
				CLANG_ENABLE_OBJC_ARC = YES;
				CLANG_ENABLE_OBJC_WEAK = YES;
				CLANG_WARN_BLOCK_CAPTURE_AUTORELEASING = YES;
				CLANG_WARN_BOOL_CONVERSION = YES;
				CLANG_WARN_COMMA = YES;
				CLANG_WARN_CONSTANT_CONVERSION = YES;
				CLANG_WARN_DEPRECATED_OBJC_IMPLEMENTATIONS = YES;
				CLANG_WARN_DIRECT_OBJC_ISA_USAGE = YES_ERROR;
				CLANG_WARN_DOCUMENTATION_COMMENTS = YES;
				CLANG_WARN_EMPTY_BODY = YES;
				CLANG_WARN_ENUM_CONVERSION = YES;
				CLANG_WARN_INFINITE_RECURSION = YES;
				CLANG_WARN_INT_CONVERSION = YES;
				CLANG_WARN_NON_LITERAL_NULL_CONVERSION = YES;
				CLANG_WARN_OBJC_IMPLICIT_RETAIN_SELF = YES;
				CLANG_WARN_OBJC_LITERAL_CONVERSION = YES;
				CLANG_WARN_OBJC_ROOT_CLASS = YES_ERROR;
				CLANG_WARN_QUOTED_INCLUDE_IN_FRAMEWORK_HEADER = YES;
				CLANG_WARN_RANGE_LOOP_ANALYSIS = YES;
				CLANG_WARN_STRICT_PROTOTYPES = YES;
				CLANG_WARN_SUSPICIOUS_MOVE = YES;
				CLANG_WARN_UNGUARDED_AVAILABILITY = YES_AGGRESSIVE;
				CLANG_WARN_UNREACHABLE_CODE = YES;
				CLANG_WARN__DUPLICATE_METHOD_MATCH = YES;
				COPY_PHASE_STRIP = NO;
				DEBUG_INFORMATION_FORMAT = "dwarf-with-dsym";
				DEVELOPMENT_TEAM = 8YAD22YX6D;
				ENABLE_NS_ASSERTIONS = NO;
				ENABLE_STRICT_OBJC_MSGSEND = YES;
				ENABLE_USER_SCRIPT_SANDBOXING = YES;
				GCC_C_LANGUAGE_STANDARD = gnu17;
				GCC_NO_COMMON_BLOCKS = YES;
				GCC_WARN_64_TO_32_BIT_CONVERSION = YES;
				GCC_WARN_ABOUT_RETURN_TYPE = YES_ERROR;
				GCC_WARN_UNDECLARED_SELECTOR = YES;
				GCC_WARN_UNINITIALIZED_AUTOS = YES_AGGRESSIVE;
				GCC_WARN_UNUSED_FUNCTION = YES;
				GCC_WARN_UNUSED_VARIABLE = YES;
				IPHONEOS_DEPLOYMENT_TARGET = 18.5;
				LOCALIZATION_PREFERS_STRING_CATALOGS = YES;
				MTL_ENABLE_DEBUG_INFO = NO;
				MTL_FAST_MATH = YES;
				SDKROOT = iphoneos;
				SWIFT_COMPILATION_MODE = wholemodule;
				VALIDATE_PRODUCT = YES;
			};
			name = Release;
		};
		CDCD3EDF2E85DFA70088E4A7 /* Debug */ = {
			isa = XCBuildConfiguration;
			buildSettings = {
				ASSETCATALOG_COMPILER_APPICON_NAME = AppIcon;
				ASSETCATALOG_COMPILER_GLOBAL_ACCENT_COLOR_NAME = AccentColor;
				CODE_SIGN_STYLE = Automatic;
				CURRENT_PROJECT_VERSION = 1;
				DEVELOPMENT_TEAM = 446CS4MA3A;
				ENABLE_PREVIEWS = YES;
				GENERATE_INFOPLIST_FILE = YES;
				INFOPLIST_FILE = C08/Info.plist;
				INFOPLIST_KEY_CFBundleDisplayName = ZooWho;
				INFOPLIST_KEY_LSApplicationCategoryType = "public.app-category.games";
				INFOPLIST_KEY_NSMicrophoneUsageDescription = "";
				INFOPLIST_KEY_NSSpeechRecognitionUsageDescription = "";
				INFOPLIST_KEY_UIApplicationSceneManifest_Generation = YES;
				INFOPLIST_KEY_UIApplicationSupportsIndirectInputEvents = YES;
				INFOPLIST_KEY_UILaunchScreen_Generation = YES;
				INFOPLIST_KEY_UISupportedInterfaceOrientations_iPad = "UIInterfaceOrientationPortrait UIInterfaceOrientationPortraitUpsideDown UIInterfaceOrientationLandscapeLeft UIInterfaceOrientationLandscapeRight";
				INFOPLIST_KEY_UISupportedInterfaceOrientations_iPhone = "UIInterfaceOrientationPortrait UIInterfaceOrientationLandscapeLeft UIInterfaceOrientationLandscapeRight";
				LD_RUNPATH_SEARCH_PATHS = (
					"$(inherited)",
					"@executable_path/Frameworks",
				);
				MARKETING_VERSION = 1.0;
				PRODUCT_BUNDLE_IDENTIFIER = com.Academy.C08;
				PRODUCT_NAME = "$(TARGET_NAME)";
				SWIFT_EMIT_LOC_STRINGS = YES;
				SWIFT_VERSION = 5.0;
				TARGETED_DEVICE_FAMILY = "1,2";
			};
			name = Debug;
		};
		CDCD3EE02E85DFA70088E4A7 /* Release */ = {
			isa = XCBuildConfiguration;
			buildSettings = {
				ASSETCATALOG_COMPILER_APPICON_NAME = AppIcon;
				ASSETCATALOG_COMPILER_GLOBAL_ACCENT_COLOR_NAME = AccentColor;
				CODE_SIGN_STYLE = Automatic;
				CURRENT_PROJECT_VERSION = 1;
				DEVELOPMENT_TEAM = 446CS4MA3A;
				ENABLE_PREVIEWS = YES;
				GENERATE_INFOPLIST_FILE = YES;
				INFOPLIST_FILE = C08/Info.plist;
				INFOPLIST_KEY_CFBundleDisplayName = ZooWho;
				INFOPLIST_KEY_LSApplicationCategoryType = "public.app-category.games";
				INFOPLIST_KEY_NSMicrophoneUsageDescription = "";
				INFOPLIST_KEY_NSSpeechRecognitionUsageDescription = "";
				INFOPLIST_KEY_UIApplicationSceneManifest_Generation = YES;
				INFOPLIST_KEY_UIApplicationSupportsIndirectInputEvents = YES;
				INFOPLIST_KEY_UILaunchScreen_Generation = YES;
				INFOPLIST_KEY_UISupportedInterfaceOrientations_iPad = "UIInterfaceOrientationPortrait UIInterfaceOrientationPortraitUpsideDown UIInterfaceOrientationLandscapeLeft UIInterfaceOrientationLandscapeRight";
				INFOPLIST_KEY_UISupportedInterfaceOrientations_iPhone = "UIInterfaceOrientationPortrait UIInterfaceOrientationLandscapeLeft UIInterfaceOrientationLandscapeRight";
				LD_RUNPATH_SEARCH_PATHS = (
					"$(inherited)",
					"@executable_path/Frameworks",
				);
				MARKETING_VERSION = 1.0;
				PRODUCT_BUNDLE_IDENTIFIER = com.Academy.C08;
				PRODUCT_NAME = "$(TARGET_NAME)";
				SWIFT_EMIT_LOC_STRINGS = YES;
				SWIFT_VERSION = 5.0;
				TARGETED_DEVICE_FAMILY = "1,2";
			};
			name = Release;
		};
/* End XCBuildConfiguration section */

/* Begin XCConfigurationList section */
		AABB00012E85DFA60000000B /* Build configuration list for PBXNativeTarget "C08Tests" */ = {
			isa = XCConfigurationList;
			buildConfigurations = (
				AABB00012E85DFA600000009 /* Debug */,
				AABB00012E85DFA60000000A /* Release */,
			);
			defaultConfigurationIsVisible = 0;
			defaultConfigurationName = Release;
		};
		AABB00022E85DFA60000000B /* Build configuration list for PBXNativeTarget "C08UITests" */ = {
			isa = XCConfigurationList;
			buildConfigurations = (
				AABB00022E85DFA600000009 /* Debug */,
				AABB00022E85DFA60000000A /* Release */,
			);
			defaultConfigurationIsVisible = 0;
			defaultConfigurationName = Release;
		};
		CDCD3ECE2E85DFA60088E4A7 /* Build configuration list for PBXProject "C08" */ = {
			isa = XCConfigurationList;
			buildConfigurations = (
				CDCD3EDC2E85DFA70088E4A7 /* Debug */,
				CDCD3EDD2E85DFA70088E4A7 /* Release */,
			);
			defaultConfigurationIsVisible = 0;
			defaultConfigurationName = Release;
		};
		CDCD3EDE2E85DFA70088E4A7 /* Build configuration list for PBXNativeTarget "C08" */ = {
			isa = XCConfigurationList;
			buildConfigurations = (
				CDCD3EDF2E85DFA70088E4A7 /* Debug */,
				CDCD3EE02E85DFA70088E4A7 /* Release */,
			);
			defaultConfigurationIsVisible = 0;
			defaultConfigurationName = Release;
		};
/* End XCConfigurationList section */

/* Begin XCRemoteSwiftPackageReference section */
		CDCD3EE12E85DFD10088E4A7 /* XCRemoteSwiftPackageReference "HumanSpeech" */ = {
			isa = XCRemoteSwiftPackageReference;
			repositoryURL = "https://github.com/daniellealpimenta/HumanSpeech.git";
			requirement = {
				branch = main;
				kind = branch;
			};
		};
/* End XCRemoteSwiftPackageReference section */

/* Begin XCSwiftPackageProductDependency section */
		CDCD3EE22E85DFD10088E4A7 /* HumanSpeech */ = {
			isa = XCSwiftPackageProductDependency;
			package = CDCD3EE12E85DFD10088E4A7 /* XCRemoteSwiftPackageReference "HumanSpeech" */;
			productName = HumanSpeech;
		};
/* End XCSwiftPackageProductDependency section */
	};
	rootObject = CDCD3ECB2E85DFA60088E4A7 /* Project object */;
}
